
Microsoft Visual Studio Solution File, Format Version 12.00
# Visual Studio 15
VisualStudioVersion = 15.0.28010.2046
MinimumVisualStudioVersion = 10.0.40219.1
Project("{FAE04EC0-301F-11D3-BF4B-00C04F79EFBC}") = "BMI", "BMI\BMI.csproj", "{019A6C86-DD0C-4035-AD24-F672801688BE}"
EndProject
Global
	GlobalSection(SolutionConfigurationPlatforms) = preSolution
		Debug|Any CPU = Debug|Any CPU
		Release|Any CPU = Release|Any CPU
	EndGlobalSection
	GlobalSection(ProjectConfigurationPlatforms) = postSolution
		{019A6C86-DD0C-4035-AD24-F672801688BE}.Debug|Any CPU.ActiveCfg = Debug|Any CPU
		{019A6C86-DD0C-4035-AD24-F672801688BE}.Debug|Any CPU.Build.0 = Debug|Any CPU
		{019A6C86-DD0C-4035-AD24-F672801688BE}.Release|Any CPU.ActiveCfg = Release|Any CPU
		{019A6C86-DD0C-4035-AD24-F672801688BE}.Release|Any CPU.Build.0 = Release|Any CPU
	EndGlobalSection
	GlobalSection(SolutionProperties) = preSolution
		HideSolutionNode = FALSE
	EndGlobalSection
	GlobalSection(ExtensibilityGlobals) = postSolution
		SolutionGuid = {CC242E66-953A-4407-B1EA-202765A86A0E}
	EndGlobalSection
EndGlobal
