
Microsoft Visual Studio Solution File, Format Version 12.00
# Visual Studio 15
VisualStudioVersion = 15.0.28010.2046
MinimumVisualStudioVersion = 10.0.40219.1
Project("{FAE04EC0-301F-11D3-BF4B-00C04F79EFBC}") = "Celcjusz na faren", "Celcjusz na faren\Celcjusz na faren.csproj", "{FC0CFAC5-4EB1-4EA3-9C8F-50FC8D6B0B31}"
EndProject
Global
	GlobalSection(SolutionConfigurationPlatforms) = preSolution
		Debug|Any CPU = Debug|Any CPU
		Release|Any CPU = Release|Any CPU
	EndGlobalSection
	GlobalSection(ProjectConfigurationPlatforms) = postSolution
		{FC0CFAC5-4EB1-4EA3-9C8F-50FC8D6B0B31}.Debug|Any CPU.ActiveCfg = Debug|Any CPU
		{FC0CFAC5-4EB1-4EA3-9C8F-50FC8D6B0B31}.Debug|Any CPU.Build.0 = Debug|Any CPU
		{FC0CFAC5-4EB1-4EA3-9C8F-50FC8D6B0B31}.Release|Any CPU.ActiveCfg = Release|Any CPU
		{FC0CFAC5-4EB1-4EA3-9C8F-50FC8D6B0B31}.Release|Any CPU.Build.0 = Release|Any CPU
	EndGlobalSection
	GlobalSection(SolutionProperties) = preSolution
		HideSolutionNode = FALSE
	EndGlobalSection
	GlobalSection(ExtensibilityGlobals) = postSolution
		SolutionGuid = {C961716B-19DF-4F36-B70B-FED8576D54A7}
	EndGlobalSection
EndGlobal
